// !$*UTF8*$!
{
	archiveVersion = 1;
	classes = {
	};
	objectVersion = 56;
	objects = {

/* Begin PBXBuildFile section */
		C46197022C0F2011007D3B6B /* AppDelegate.swift in Sources */ = {isa = PBXBuildFile; fileRef = C46197012C0F2011007D3B6B /* AppDelegate.swift */; };
		C46197042C0F2011007D3B6B /* SceneDelegate.swift in Sources */ = {isa = PBXBuildFile; fileRef = C46197032C0F2011007D3B6B /* SceneDelegate.swift */; };
		C46197092C0F2011007D3B6B /* Base in Resources */ = {isa = PBXBuildFile; fileRef = C46197082C0F2011007D3B6B /* Base */; };
		C461970B2C0F2012007D3B6B /* Assets.xcassets in Resources */ = {isa = PBXBuildFile; fileRef = C461970A2C0F2012007D3B6B /* Assets.xcassets */; };
		C461970E2C0F2012007D3B6B /* Base in Resources */ = {isa = PBXBuildFile; fileRef = C461970D2C0F2012007D3B6B /* Base */; };
		C461971B2C0F21FB007D3B6B /* ReuseableProtocol.swift in Sources */ = {isa = PBXBuildFile; fileRef = C461971A2C0F21FB007D3B6B /* ReuseableProtocol.swift */; };
		C461971D2C0F22DE007D3B6B /* HomeViewController.swift in Sources */ = {isa = PBXBuildFile; fileRef = C461971C2C0F22DE007D3B6B /* HomeViewController.swift */; };
		C461971F2C0F2352007D3B6B /* SignUpViewController.swift in Sources */ = {isa = PBXBuildFile; fileRef = C461971E2C0F2352007D3B6B /* SignUpViewController.swift */; };
		C46197212C0F23B0007D3B6B /* UIView+Extension.swift in Sources */ = {isa = PBXBuildFile; fileRef = C46197202C0F23B0007D3B6B /* UIView+Extension.swift */; };
		C46197242C0F27BA007D3B6B /* SnapKit in Frameworks */ = {isa = PBXBuildFile; productRef = C46197232C0F27BA007D3B6B /* SnapKit */; };
		C46197272C0F29B4007D3B6B /* Common.swift in Sources */ = {isa = PBXBuildFile; fileRef = C46197262C0F29B4007D3B6B /* Common.swift */; };
		C46197292C0F2AE3007D3B6B /* UIViewController+Extension.swift in Sources */ = {isa = PBXBuildFile; fileRef = C46197282C0F2AE3007D3B6B /* UIViewController+Extension.swift */; };
		C46197612C11ACE1007D3B6B /* BoxOfficeViewController.swift in Sources */ = {isa = PBXBuildFile; fileRef = C46197602C11ACE1007D3B6B /* BoxOfficeViewController.swift */; };
		C46197632C11AF3C007D3B6B /* .gitignore in Resources */ = {isa = PBXBuildFile; fileRef = C46197622C11AF3C007D3B6B /* .gitignore */; };
		C46197672C11B10B007D3B6B /* API.swift in Sources */ = {isa = PBXBuildFile; fileRef = C46197662C11B10B007D3B6B /* API.swift */; };
		C461976A2C11B37E007D3B6B /* Alamofire in Frameworks */ = {isa = PBXBuildFile; productRef = C46197692C11B37E007D3B6B /* Alamofire */; };
		C461976E2C11F706007D3B6B /* BoxOfficeTableViewCell.swift in Sources */ = {isa = PBXBuildFile; fileRef = C461976D2C11F706007D3B6B /* BoxOfficeTableViewCell.swift */; };
		C46197702C121714007D3B6B /* UITextField+Extension.swift in Sources */ = {isa = PBXBuildFile; fileRef = C461976F2C121714007D3B6B /* UITextField+Extension.swift */; };
		C46197752C12EF1D007D3B6B /* SkeletonView in Frameworks */ = {isa = PBXBuildFile; productRef = C46197742C12EF1D007D3B6B /* SkeletonView */; };
		C46197772C12F2F1007D3B6B /* SkeletonTableViewProtocol.swift in Sources */ = {isa = PBXBuildFile; fileRef = C46197762C12F2F1007D3B6B /* SkeletonTableViewProtocol.swift */; };
		C46197BB2C16DB08007D3B6B /* TrendingViewController.swift in Sources */ = {isa = PBXBuildFile; fileRef = C46197BA2C16DB08007D3B6B /* TrendingViewController.swift */; };
		C46197C02C16DDDB007D3B6B /* Trending.swift in Sources */ = {isa = PBXBuildFile; fileRef = C46197BF2C16DDDB007D3B6B /* Trending.swift */; };
		C46197C22C16E1D2007D3B6B /* Credit.swift in Sources */ = {isa = PBXBuildFile; fileRef = C46197C12C16E1D2007D3B6B /* Credit.swift */; };
		C46197C42C16E9D6007D3B6B /* TrendingTableViewCell.swift in Sources */ = {isa = PBXBuildFile; fileRef = C46197C32C16E9D6007D3B6B /* TrendingTableViewCell.swift */; };
		C46197C62C16EF6C007D3B6B /* BoxOffice.swift in Sources */ = {isa = PBXBuildFile; fileRef = C46197BD2C16DDD2007D3B6B /* BoxOffice.swift */; };
		C46197CA2C173FDF007D3B6B /* TrendingDetailViewController.swift in Sources */ = {isa = PBXBuildFile; fileRef = C46197C92C173FDF007D3B6B /* TrendingDetailViewController.swift */; };
		C46197CD2C174A81007D3B6B /* Kingfisher in Frameworks */ = {isa = PBXBuildFile; productRef = C46197CC2C174A81007D3B6B /* Kingfisher */; };
		C46197D92C187A21007D3B6B /* TrendingDetailOverviewCell.swift in Sources */ = {isa = PBXBuildFile; fileRef = C46197D82C187A21007D3B6B /* TrendingDetailOverviewCell.swift */; };
		C467D1B42C2992B700702DC4 /* RecommendCollectionViewCell.swift in Sources */ = {isa = PBXBuildFile; fileRef = C467D1B32C2992B700702DC4 /* RecommendCollectionViewCell.swift */; };
		C46B29E42C29AF2400F81E4B /* NetworkManager.swift in Sources */ = {isa = PBXBuildFile; fileRef = C46B29E32C29AF2400F81E4B /* NetworkManager.swift */; };
		C46B29E62C29BA0900F81E4B /* Similar.swift in Sources */ = {isa = PBXBuildFile; fileRef = C46B29E52C29BA0900F81E4B /* Similar.swift */; };
		C46B2A122C2AB1FD00F81E4B /* RecommendTableViewCell.swift in Sources */ = {isa = PBXBuildFile; fileRef = C46B2A112C2AB1FD00F81E4B /* RecommendTableViewCell.swift */; };
		C4A52B0A2C2981ED0013BCDF /* RecommendViewController.swift in Sources */ = {isa = PBXBuildFile; fileRef = C4A52B092C2981ED0013BCDF /* RecommendViewController.swift */; };
		C4B0B9EA2C18805B00CC5765 /* TrendingDetailCastCell.swift in Sources */ = {isa = PBXBuildFile; fileRef = C4B0B9E92C18805B00CC5765 /* TrendingDetailCastCell.swift */; };
		C4B0B9EC2C18922600CC5765 /* SearchViewController.swift in Sources */ = {isa = PBXBuildFile; fileRef = C4B0B9EB2C18922600CC5765 /* SearchViewController.swift */; };
		C4B0B9EE2C18AAAE00CC5765 /* SearchCollectionViewCell.swift in Sources */ = {isa = PBXBuildFile; fileRef = C4B0B9ED2C18AAAE00CC5765 /* SearchCollectionViewCell.swift */; };
		C4B0B9F02C18B6BC00CC5765 /* Search.swift in Sources */ = {isa = PBXBuildFile; fileRef = C4B0B9EF2C18B6BC00CC5765 /* Search.swift */; };
/* End PBXBuildFile section */

/* Begin PBXFileReference section */
		C46196FE2C0F2011007D3B6B /* movcha.app */ = {isa = PBXFileReference; explicitFileType = wrapper.application; includeInIndex = 0; path = movcha.app; sourceTree = BUILT_PRODUCTS_DIR; };
		C46197012C0F2011007D3B6B /* AppDelegate.swift */ = {isa = PBXFileReference; lastKnownFileType = sourcecode.swift; path = AppDelegate.swift; sourceTree = "<group>"; };
		C46197032C0F2011007D3B6B /* SceneDelegate.swift */ = {isa = PBXFileReference; lastKnownFileType = sourcecode.swift; path = SceneDelegate.swift; sourceTree = "<group>"; };
		C46197082C0F2011007D3B6B /* Base */ = {isa = PBXFileReference; lastKnownFileType = file.storyboard; name = Base; path = Base.lproj/Main.storyboard; sourceTree = "<group>"; };
		C461970A2C0F2012007D3B6B /* Assets.xcassets */ = {isa = PBXFileReference; lastKnownFileType = folder.assetcatalog; path = Assets.xcassets; sourceTree = "<group>"; };
		C461970D2C0F2012007D3B6B /* Base */ = {isa = PBXFileReference; lastKnownFileType = file.storyboard; name = Base; path = Base.lproj/LaunchScreen.storyboard; sourceTree = "<group>"; };
		C461970F2C0F2012007D3B6B /* Info.plist */ = {isa = PBXFileReference; lastKnownFileType = text.plist.xml; path = Info.plist; sourceTree = "<group>"; };
		C46197152C0F2032007D3B6B /* README.md */ = {isa = PBXFileReference; lastKnownFileType = net.daringfireball.markdown; path = README.md; sourceTree = "<group>"; };
		C461971A2C0F21FB007D3B6B /* ReuseableProtocol.swift */ = {isa = PBXFileReference; lastKnownFileType = sourcecode.swift; path = ReuseableProtocol.swift; sourceTree = "<group>"; };
		C461971C2C0F22DE007D3B6B /* HomeViewController.swift */ = {isa = PBXFileReference; lastKnownFileType = sourcecode.swift; path = HomeViewController.swift; sourceTree = "<group>"; };
		C461971E2C0F2352007D3B6B /* SignUpViewController.swift */ = {isa = PBXFileReference; lastKnownFileType = sourcecode.swift; path = SignUpViewController.swift; sourceTree = "<group>"; };
		C46197202C0F23B0007D3B6B /* UIView+Extension.swift */ = {isa = PBXFileReference; lastKnownFileType = sourcecode.swift; path = "UIView+Extension.swift"; sourceTree = "<group>"; };
		C46197262C0F29B4007D3B6B /* Common.swift */ = {isa = PBXFileReference; lastKnownFileType = sourcecode.swift; path = Common.swift; sourceTree = "<group>"; };
		C46197282C0F2AE3007D3B6B /* UIViewController+Extension.swift */ = {isa = PBXFileReference; lastKnownFileType = sourcecode.swift; path = "UIViewController+Extension.swift"; sourceTree = "<group>"; };
		C46197602C11ACE1007D3B6B /* BoxOfficeViewController.swift */ = {isa = PBXFileReference; lastKnownFileType = sourcecode.swift; path = BoxOfficeViewController.swift; sourceTree = "<group>"; };
		C46197622C11AF3C007D3B6B /* .gitignore */ = {isa = PBXFileReference; lastKnownFileType = text; path = .gitignore; sourceTree = "<group>"; };
		C46197662C11B10B007D3B6B /* API.swift */ = {isa = PBXFileReference; lastKnownFileType = sourcecode.swift; path = API.swift; sourceTree = "<group>"; };
		C461976D2C11F706007D3B6B /* BoxOfficeTableViewCell.swift */ = {isa = PBXFileReference; lastKnownFileType = sourcecode.swift; path = BoxOfficeTableViewCell.swift; sourceTree = "<group>"; };
		C461976F2C121714007D3B6B /* UITextField+Extension.swift */ = {isa = PBXFileReference; lastKnownFileType = sourcecode.swift; path = "UITextField+Extension.swift"; sourceTree = "<group>"; };
		C46197762C12F2F1007D3B6B /* SkeletonTableViewProtocol.swift */ = {isa = PBXFileReference; lastKnownFileType = sourcecode.swift; path = SkeletonTableViewProtocol.swift; sourceTree = "<group>"; };
		C46197BA2C16DB08007D3B6B /* TrendingViewController.swift */ = {isa = PBXFileReference; lastKnownFileType = sourcecode.swift; path = TrendingViewController.swift; sourceTree = "<group>"; };
		C46197BD2C16DDD2007D3B6B /* BoxOffice.swift */ = {isa = PBXFileReference; lastKnownFileType = sourcecode.swift; path = BoxOffice.swift; sourceTree = "<group>"; };
		C46197BF2C16DDDB007D3B6B /* Trending.swift */ = {isa = PBXFileReference; lastKnownFileType = sourcecode.swift; path = Trending.swift; sourceTree = "<group>"; };
		C46197C12C16E1D2007D3B6B /* Credit.swift */ = {isa = PBXFileReference; lastKnownFileType = sourcecode.swift; path = Credit.swift; sourceTree = "<group>"; };
		C46197C32C16E9D6007D3B6B /* TrendingTableViewCell.swift */ = {isa = PBXFileReference; lastKnownFileType = sourcecode.swift; path = TrendingTableViewCell.swift; sourceTree = "<group>"; };
		C46197C92C173FDF007D3B6B /* TrendingDetailViewController.swift */ = {isa = PBXFileReference; lastKnownFileType = sourcecode.swift; path = TrendingDetailViewController.swift; sourceTree = "<group>"; };
		C46197D82C187A21007D3B6B /* TrendingDetailOverviewCell.swift */ = {isa = PBXFileReference; lastKnownFileType = sourcecode.swift; path = TrendingDetailOverviewCell.swift; sourceTree = "<group>"; };
		C467D1B32C2992B700702DC4 /* RecommendCollectionViewCell.swift */ = {isa = PBXFileReference; lastKnownFileType = sourcecode.swift; path = RecommendCollectionViewCell.swift; sourceTree = "<group>"; };
		C46B29E32C29AF2400F81E4B /* NetworkManager.swift */ = {isa = PBXFileReference; lastKnownFileType = sourcecode.swift; path = NetworkManager.swift; sourceTree = "<group>"; };
		C46B29E52C29BA0900F81E4B /* Similar.swift */ = {isa = PBXFileReference; lastKnownFileType = sourcecode.swift; path = Similar.swift; sourceTree = "<group>"; };
		C46B2A112C2AB1FD00F81E4B /* RecommendTableViewCell.swift */ = {isa = PBXFileReference; lastKnownFileType = sourcecode.swift; path = RecommendTableViewCell.swift; sourceTree = "<group>"; };
		C4A52B092C2981ED0013BCDF /* RecommendViewController.swift */ = {isa = PBXFileReference; lastKnownFileType = sourcecode.swift; path = RecommendViewController.swift; sourceTree = "<group>"; };
		C4B0B9E92C18805B00CC5765 /* TrendingDetailCastCell.swift */ = {isa = PBXFileReference; lastKnownFileType = sourcecode.swift; path = TrendingDetailCastCell.swift; sourceTree = "<group>"; };
		C4B0B9EB2C18922600CC5765 /* SearchViewController.swift */ = {isa = PBXFileReference; lastKnownFileType = sourcecode.swift; path = SearchViewController.swift; sourceTree = "<group>"; };
		C4B0B9ED2C18AAAE00CC5765 /* SearchCollectionViewCell.swift */ = {isa = PBXFileReference; lastKnownFileType = sourcecode.swift; path = SearchCollectionViewCell.swift; sourceTree = "<group>"; };
		C4B0B9EF2C18B6BC00CC5765 /* Search.swift */ = {isa = PBXFileReference; lastKnownFileType = sourcecode.swift; path = Search.swift; sourceTree = "<group>"; };
/* End PBXFileReference section */

/* Begin PBXFrameworksBuildPhase section */
		C46196FB2C0F2011007D3B6B /* Frameworks */ = {
			isa = PBXFrameworksBuildPhase;
			buildActionMask = 2147483647;
			files = (
				C46197CD2C174A81007D3B6B /* Kingfisher in Frameworks */,
				C46197242C0F27BA007D3B6B /* SnapKit in Frameworks */,
				C46197752C12EF1D007D3B6B /* SkeletonView in Frameworks */,
				C461976A2C11B37E007D3B6B /* Alamofire in Frameworks */,
			);
			runOnlyForDeploymentPostprocessing = 0;
		};
/* End PBXFrameworksBuildPhase section */

/* Begin PBXGroup section */
		C46196F52C0F2011007D3B6B = {
			isa = PBXGroup;
			children = (
				C46197622C11AF3C007D3B6B /* .gitignore */,
				C46197152C0F2032007D3B6B /* README.md */,
				C46197002C0F2011007D3B6B /* movcha */,
				C46196FF2C0F2011007D3B6B /* Products */,
			);
			sourceTree = "<group>";
		};
		C46196FF2C0F2011007D3B6B /* Products */ = {
			isa = PBXGroup;
			children = (
				C46196FE2C0F2011007D3B6B /* movcha.app */,
			);
			name = Products;
			sourceTree = "<group>";
		};
		C46197002C0F2011007D3B6B /* movcha */ = {
			isa = PBXGroup;
			children = (
				C4A52B072C297E330013BCDF /* API */,
				C46B29E22C29AF0E00F81E4B /* Managers */,
				C46197252C0F2997007D3B6B /* Constants */,
				C46197182C0F2193007D3B6B /* Protocol */,
				C46197162C0F212E007D3B6B /* Model */,
				C46197192C0F2198007D3B6B /* Extension */,
				C46197172C0F2133007D3B6B /* Controllers */,
				C461976B2C11F6A7007D3B6B /* Cell */,
				C46197012C0F2011007D3B6B /* AppDelegate.swift */,
				C46197032C0F2011007D3B6B /* SceneDelegate.swift */,
				C46197072C0F2011007D3B6B /* Main.storyboard */,
				C461970C2C0F2012007D3B6B /* LaunchScreen.storyboard */,
				C461970A2C0F2012007D3B6B /* Assets.xcassets */,
				C461970F2C0F2012007D3B6B /* Info.plist */,
			);
			path = movcha;
			sourceTree = "<group>";
		};
		C46197162C0F212E007D3B6B /* Model */ = {
			isa = PBXGroup;
			children = (
				C46197BD2C16DDD2007D3B6B /* BoxOffice.swift */,
				C46197BF2C16DDDB007D3B6B /* Trending.swift */,
				C46197C12C16E1D2007D3B6B /* Credit.swift */,
				C4B0B9EF2C18B6BC00CC5765 /* Search.swift */,
				C46B29E52C29BA0900F81E4B /* Similar.swift */,
			);
			path = Model;
			sourceTree = "<group>";
		};
		C46197172C0F2133007D3B6B /* Controllers */ = {
			isa = PBXGroup;
			children = (
				C4A52B032C297DDD0013BCDF /* Home */,
				C4A52B042C297DF10013BCDF /* BoxOffice */,
				C4A52B052C297E000013BCDF /* Trending */,
				C4A52B062C297E0D0013BCDF /* SignUp */,
			);
			path = Controllers;
			sourceTree = "<group>";
		};
		C46197182C0F2193007D3B6B /* Protocol */ = {
			isa = PBXGroup;
			children = (
				C461971A2C0F21FB007D3B6B /* ReuseableProtocol.swift */,
				C46197762C12F2F1007D3B6B /* SkeletonTableViewProtocol.swift */,
			);
			path = Protocol;
			sourceTree = "<group>";
		};
		C46197192C0F2198007D3B6B /* Extension */ = {
			isa = PBXGroup;
			children = (
				C46197202C0F23B0007D3B6B /* UIView+Extension.swift */,
				C46197282C0F2AE3007D3B6B /* UIViewController+Extension.swift */,
				C461976F2C121714007D3B6B /* UITextField+Extension.swift */,
			);
			path = Extension;
			sourceTree = "<group>";
		};
		C46197252C0F2997007D3B6B /* Constants */ = {
			isa = PBXGroup;
			children = (
				C46197262C0F29B4007D3B6B /* Common.swift */,
			);
			path = Constants;
			sourceTree = "<group>";
		};
		C461976B2C11F6A7007D3B6B /* Cell */ = {
			isa = PBXGroup;
			children = (
				C461976D2C11F706007D3B6B /* BoxOfficeTableViewCell.swift */,
				C46197C32C16E9D6007D3B6B /* TrendingTableViewCell.swift */,
				C46197D82C187A21007D3B6B /* TrendingDetailOverviewCell.swift */,
				C4B0B9E92C18805B00CC5765 /* TrendingDetailCastCell.swift */,
				C4B0B9ED2C18AAAE00CC5765 /* SearchCollectionViewCell.swift */,
				C467D1B32C2992B700702DC4 /* RecommendCollectionViewCell.swift */,
				C46B2A112C2AB1FD00F81E4B /* RecommendTableViewCell.swift */,
			);
			path = Cell;
			sourceTree = "<group>";
		};
		C46B29E22C29AF0E00F81E4B /* Managers */ = {
			isa = PBXGroup;
			children = (
				C46B29E32C29AF2400F81E4B /* NetworkManager.swift */,
			);
			path = Managers;
			sourceTree = "<group>";
		};
		C4A52B032C297DDD0013BCDF /* Home */ = {
			isa = PBXGroup;
			children = (
				C461971C2C0F22DE007D3B6B /* HomeViewController.swift */,
				C4B0B9EB2C18922600CC5765 /* SearchViewController.swift */,
				C4A52B092C2981ED0013BCDF /* RecommendViewController.swift */,
			);
			path = Home;
			sourceTree = "<group>";
		};
		C4A52B042C297DF10013BCDF /* BoxOffice */ = {
			isa = PBXGroup;
			children = (
				C46197602C11ACE1007D3B6B /* BoxOfficeViewController.swift */,
			);
			path = BoxOffice;
			sourceTree = "<group>";
		};
		C4A52B052C297E000013BCDF /* Trending */ = {
			isa = PBXGroup;
			children = (
				C46197BA2C16DB08007D3B6B /* TrendingViewController.swift */,
				C46197C92C173FDF007D3B6B /* TrendingDetailViewController.swift */,
			);
			path = Trending;
			sourceTree = "<group>";
		};
		C4A52B062C297E0D0013BCDF /* SignUp */ = {
			isa = PBXGroup;
			children = (
				C461971E2C0F2352007D3B6B /* SignUpViewController.swift */,
			);
			path = SignUp;
			sourceTree = "<group>";
		};
		C4A52B072C297E330013BCDF /* API */ = {
			isa = PBXGroup;
			children = (
				C46197662C11B10B007D3B6B /* API.swift */,
			);
			path = API;
			sourceTree = "<group>";
		};
/* End PBXGroup section */

/* Begin PBXNativeTarget section */
		C46196FD2C0F2011007D3B6B /* movcha */ = {
			isa = PBXNativeTarget;
			buildConfigurationList = C46197122C0F2012007D3B6B /* Build configuration list for PBXNativeTarget "movcha" */;
			buildPhases = (
				C46196FA2C0F2011007D3B6B /* Sources */,
				C46196FB2C0F2011007D3B6B /* Frameworks */,
				C46196FC2C0F2011007D3B6B /* Resources */,
			);
			buildRules = (
			);
			dependencies = (
			);
			name = movcha;
			packageProductDependencies = (
				C46197232C0F27BA007D3B6B /* SnapKit */,
				C46197692C11B37E007D3B6B /* Alamofire */,
				C46197742C12EF1D007D3B6B /* SkeletonView */,
				C46197CC2C174A81007D3B6B /* Kingfisher */,
			);
			productName = movcha;
			productReference = C46196FE2C0F2011007D3B6B /* movcha.app */;
			productType = "com.apple.product-type.application";
		};
/* End PBXNativeTarget section */

/* Begin PBXProject section */
		C46196F62C0F2011007D3B6B /* Project object */ = {
			isa = PBXProject;
			attributes = {
				BuildIndependentTargetsInParallel = 1;
				LastSwiftUpdateCheck = 1540;
				LastUpgradeCheck = 1540;
				TargetAttributes = {
					C46196FD2C0F2011007D3B6B = {
						CreatedOnToolsVersion = 15.4;
					};
				};
			};
			buildConfigurationList = C46196F92C0F2011007D3B6B /* Build configuration list for PBXProject "movcha" */;
			compatibilityVersion = "Xcode 14.0";
			developmentRegion = en;
			hasScannedForEncodings = 0;
			knownRegions = (
				en,
				Base,
			);
			mainGroup = C46196F52C0F2011007D3B6B;
			packageReferences = (
				C46197222C0F27BA007D3B6B /* XCRemoteSwiftPackageReference "SnapKit" */,
				C46197682C11B37E007D3B6B /* XCRemoteSwiftPackageReference "Alamofire" */,
				C46197732C12EF1D007D3B6B /* XCRemoteSwiftPackageReference "SkeletonView" */,
				C46197CB2C174A81007D3B6B /* XCRemoteSwiftPackageReference "Kingfisher" */,
			);
			productRefGroup = C46196FF2C0F2011007D3B6B /* Products */;
			projectDirPath = "";
			projectRoot = "";
			targets = (
				C46196FD2C0F2011007D3B6B /* movcha */,
			);
		};
/* End PBXProject section */

/* Begin PBXResourcesBuildPhase section */
		C46196FC2C0F2011007D3B6B /* Resources */ = {
			isa = PBXResourcesBuildPhase;
			buildActionMask = 2147483647;
			files = (
				C46197632C11AF3C007D3B6B /* .gitignore in Resources */,
				C461970B2C0F2012007D3B6B /* Assets.xcassets in Resources */,
				C461970E2C0F2012007D3B6B /* Base in Resources */,
				C46197092C0F2011007D3B6B /* Base in Resources */,
			);
			runOnlyForDeploymentPostprocessing = 0;
		};
/* End PBXResourcesBuildPhase section */

/* Begin PBXSourcesBuildPhase section */
		C46196FA2C0F2011007D3B6B /* Sources */ = {
			isa = PBXSourcesBuildPhase;
			buildActionMask = 2147483647;
			files = (
				C46B29E42C29AF2400F81E4B /* NetworkManager.swift in Sources */,
				C46B29E62C29BA0900F81E4B /* Similar.swift in Sources */,
				C467D1B42C2992B700702DC4 /* RecommendCollectionViewCell.swift in Sources */,
				C46197C22C16E1D2007D3B6B /* Credit.swift in Sources */,
				C46197672C11B10B007D3B6B /* API.swift in Sources */,
				C46197292C0F2AE3007D3B6B /* UIViewController+Extension.swift in Sources */,
				C46197BB2C16DB08007D3B6B /* TrendingViewController.swift in Sources */,
				C461971F2C0F2352007D3B6B /* SignUpViewController.swift in Sources */,
				C461976E2C11F706007D3B6B /* BoxOfficeTableViewCell.swift in Sources */,
				C46197D92C187A21007D3B6B /* TrendingDetailOverviewCell.swift in Sources */,
				C46197772C12F2F1007D3B6B /* SkeletonTableViewProtocol.swift in Sources */,
				C461971D2C0F22DE007D3B6B /* HomeViewController.swift in Sources */,
				C461971B2C0F21FB007D3B6B /* ReuseableProtocol.swift in Sources */,
				C4B0B9EA2C18805B00CC5765 /* TrendingDetailCastCell.swift in Sources */,
				C46197CA2C173FDF007D3B6B /* TrendingDetailViewController.swift in Sources */,
				C4B0B9EC2C18922600CC5765 /* SearchViewController.swift in Sources */,
				C4B0B9EE2C18AAAE00CC5765 /* SearchCollectionViewCell.swift in Sources */,
				C46197212C0F23B0007D3B6B /* UIView+Extension.swift in Sources */,
				C46197272C0F29B4007D3B6B /* Common.swift in Sources */,
				C46197C02C16DDDB007D3B6B /* Trending.swift in Sources */,
				C46197022C0F2011007D3B6B /* AppDelegate.swift in Sources */,
				C46197702C121714007D3B6B /* UITextField+Extension.swift in Sources */,
				C46197612C11ACE1007D3B6B /* BoxOfficeViewController.swift in Sources */,
				C46197C42C16E9D6007D3B6B /* TrendingTableViewCell.swift in Sources */,
				C4B0B9F02C18B6BC00CC5765 /* Search.swift in Sources */,
				C46197C62C16EF6C007D3B6B /* BoxOffice.swift in Sources */,
				C46197042C0F2011007D3B6B /* SceneDelegate.swift in Sources */,
				C4A52B0A2C2981ED0013BCDF /* RecommendViewController.swift in Sources */,
				C46B2A122C2AB1FD00F81E4B /* RecommendTableViewCell.swift in Sources */,
			);
			runOnlyForDeploymentPostprocessing = 0;
		};
/* End PBXSourcesBuildPhase section */

/* Begin PBXVariantGroup section */
		C46197072C0F2011007D3B6B /* Main.storyboard */ = {
			isa = PBXVariantGroup;
			children = (
				C46197082C0F2011007D3B6B /* Base */,
			);
			name = Main.storyboard;
			sourceTree = "<group>";
		};
		C461970C2C0F2012007D3B6B /* LaunchScreen.storyboard */ = {
			isa = PBXVariantGroup;
			children = (
				C461970D2C0F2012007D3B6B /* Base */,
			);
			name = LaunchScreen.storyboard;
			sourceTree = "<group>";
		};
/* End PBXVariantGroup section */

/* Begin XCBuildConfiguration section */
		C46197102C0F2012007D3B6B /* Debug */ = {
			isa = XCBuildConfiguration;
			buildSettings = {
				ALWAYS_SEARCH_USER_PATHS = NO;
				ASSETCATALOG_COMPILER_GENERATE_SWIFT_ASSET_SYMBOL_EXTENSIONS = YES;
				CLANG_ANALYZER_NONNULL = YES;
				CLANG_ANALYZER_NUMBER_OBJECT_CONVERSION = YES_AGGRESSIVE;
				CLANG_CXX_LANGUAGE_STANDARD = "gnu++20";
				CLANG_ENABLE_MODULES = YES;
				CLANG_ENABLE_OBJC_ARC = YES;
				CLANG_ENABLE_OBJC_WEAK = YES;
				CLANG_WARN_BLOCK_CAPTURE_AUTORELEASING = YES;
				CLANG_WARN_BOOL_CONVERSION = YES;
				CLANG_WARN_COMMA = YES;
				CLANG_WARN_CONSTANT_CONVERSION = YES;
				CLANG_WARN_DEPRECATED_OBJC_IMPLEMENTATIONS = YES;
				CLANG_WARN_DIRECT_OBJC_ISA_USAGE = YES_ERROR;
				CLANG_WARN_DOCUMENTATION_COMMENTS = YES;
				CLANG_WARN_EMPTY_BODY = YES;
				CLANG_WARN_ENUM_CONVERSION = YES;
				CLANG_WARN_INFINITE_RECURSION = YES;
				CLANG_WARN_INT_CONVERSION = YES;
				CLANG_WARN_NON_LITERAL_NULL_CONVERSION = YES;
				CLANG_WARN_OBJC_IMPLICIT_RETAIN_SELF = YES;
				CLANG_WARN_OBJC_LITERAL_CONVERSION = YES;
				CLANG_WARN_OBJC_ROOT_CLASS = YES_ERROR;
				CLANG_WARN_QUOTED_INCLUDE_IN_FRAMEWORK_HEADER = YES;
				CLANG_WARN_RANGE_LOOP_ANALYSIS = YES;
				CLANG_WARN_STRICT_PROTOTYPES = YES;
				CLANG_WARN_SUSPICIOUS_MOVE = YES;
				CLANG_WARN_UNGUARDED_AVAILABILITY = YES_AGGRESSIVE;
				CLANG_WARN_UNREACHABLE_CODE = YES;
				CLANG_WARN__DUPLICATE_METHOD_MATCH = YES;
				COPY_PHASE_STRIP = NO;
				DEBUG_INFORMATION_FORMAT = dwarf;
				ENABLE_STRICT_OBJC_MSGSEND = YES;
				ENABLE_TESTABILITY = YES;
				ENABLE_USER_SCRIPT_SANDBOXING = YES;
				GCC_C_LANGUAGE_STANDARD = gnu17;
				GCC_DYNAMIC_NO_PIC = NO;
				GCC_NO_COMMON_BLOCKS = YES;
				GCC_OPTIMIZATION_LEVEL = 0;
				GCC_PREPROCESSOR_DEFINITIONS = (
					"DEBUG=1",
					"$(inherited)",
				);
				GCC_WARN_64_TO_32_BIT_CONVERSION = YES;
				GCC_WARN_ABOUT_RETURN_TYPE = YES_ERROR;
				GCC_WARN_UNDECLARED_SELECTOR = YES;
				GCC_WARN_UNINITIALIZED_AUTOS = YES_AGGRESSIVE;
				GCC_WARN_UNUSED_FUNCTION = YES;
				GCC_WARN_UNUSED_VARIABLE = YES;
				IPHONEOS_DEPLOYMENT_TARGET = 17.5;
				LOCALIZATION_PREFERS_STRING_CATALOGS = YES;
				MTL_ENABLE_DEBUG_INFO = INCLUDE_SOURCE;
				MTL_FAST_MATH = YES;
				ONLY_ACTIVE_ARCH = YES;
				SDKROOT = iphoneos;
				SWIFT_ACTIVE_COMPILATION_CONDITIONS = "DEBUG $(inherited)";
				SWIFT_OPTIMIZATION_LEVEL = "-Onone";
			};
			name = Debug;
		};
		C46197112C0F2012007D3B6B /* Release */ = {
			isa = XCBuildConfiguration;
			buildSettings = {
				ALWAYS_SEARCH_USER_PATHS = NO;
				ASSETCATALOG_COMPILER_GENERATE_SWIFT_ASSET_SYMBOL_EXTENSIONS = YES;
				CLANG_ANALYZER_NONNULL = YES;
				CLANG_ANALYZER_NUMBER_OBJECT_CONVERSION = YES_AGGRESSIVE;
				CLANG_CXX_LANGUAGE_STANDARD = "gnu++20";
				CLANG_ENABLE_MODULES = YES;
				CLANG_ENABLE_OBJC_ARC = YES;
				CLANG_ENABLE_OBJC_WEAK = YES;
				CLANG_WARN_BLOCK_CAPTURE_AUTORELEASING = YES;
				CLANG_WARN_BOOL_CONVERSION = YES;
				CLANG_WARN_COMMA = YES;
				CLANG_WARN_CONSTANT_CONVERSION = YES;
				CLANG_WARN_DEPRECATED_OBJC_IMPLEMENTATIONS = YES;
				CLANG_WARN_DIRECT_OBJC_ISA_USAGE = YES_ERROR;
				CLANG_WARN_DOCUMENTATION_COMMENTS = YES;
				CLANG_WARN_EMPTY_BODY = YES;
				CLANG_WARN_ENUM_CONVERSION = YES;
				CLANG_WARN_INFINITE_RECURSION = YES;
				CLANG_WARN_INT_CONVERSION = YES;
				CLANG_WARN_NON_LITERAL_NULL_CONVERSION = YES;
				CLANG_WARN_OBJC_IMPLICIT_RETAIN_SELF = YES;
				CLANG_WARN_OBJC_LITERAL_CONVERSION = YES;
				CLANG_WARN_OBJC_ROOT_CLASS = YES_ERROR;
				CLANG_WARN_QUOTED_INCLUDE_IN_FRAMEWORK_HEADER = YES;
				CLANG_WARN_RANGE_LOOP_ANALYSIS = YES;
				CLANG_WARN_STRICT_PROTOTYPES = YES;
				CLANG_WARN_SUSPICIOUS_MOVE = YES;
				CLANG_WARN_UNGUARDED_AVAILABILITY = YES_AGGRESSIVE;
				CLANG_WARN_UNREACHABLE_CODE = YES;
				CLANG_WARN__DUPLICATE_METHOD_MATCH = YES;
				COPY_PHASE_STRIP = NO;
				DEBUG_INFORMATION_FORMAT = "dwarf-with-dsym";
				ENABLE_NS_ASSERTIONS = NO;
				ENABLE_STRICT_OBJC_MSGSEND = YES;
				ENABLE_USER_SCRIPT_SANDBOXING = YES;
				GCC_C_LANGUAGE_STANDARD = gnu17;
				GCC_NO_COMMON_BLOCKS = YES;
				GCC_WARN_64_TO_32_BIT_CONVERSION = YES;
				GCC_WARN_ABOUT_RETURN_TYPE = YES_ERROR;
				GCC_WARN_UNDECLARED_SELECTOR = YES;
				GCC_WARN_UNINITIALIZED_AUTOS = YES_AGGRESSIVE;
				GCC_WARN_UNUSED_FUNCTION = YES;
				GCC_WARN_UNUSED_VARIABLE = YES;
				IPHONEOS_DEPLOYMENT_TARGET = 17.5;
				LOCALIZATION_PREFERS_STRING_CATALOGS = YES;
				MTL_ENABLE_DEBUG_INFO = NO;
				MTL_FAST_MATH = YES;
				SDKROOT = iphoneos;
				SWIFT_COMPILATION_MODE = wholemodule;
				VALIDATE_PRODUCT = YES;
			};
			name = Release;
		};
		C46197132C0F2012007D3B6B /* Debug */ = {
			isa = XCBuildConfiguration;
			buildSettings = {
				ASSETCATALOG_COMPILER_APPICON_NAME = AppIcon;
				ASSETCATALOG_COMPILER_GLOBAL_ACCENT_COLOR_NAME = AccentColor;
				CODE_SIGN_STYLE = Automatic;
				CURRENT_PROJECT_VERSION = 1;
				DEVELOPMENT_TEAM = 95Z2W8U6PK;
				GENERATE_INFOPLIST_FILE = YES;
				INFOPLIST_FILE = movcha/Info.plist;
				INFOPLIST_KEY_CFBundleDisplayName = "뭅챠";
				INFOPLIST_KEY_UIApplicationSupportsIndirectInputEvents = YES;
				INFOPLIST_KEY_UILaunchStoryboardName = LaunchScreen;
				INFOPLIST_KEY_UIMainStoryboardFile = Main;
				INFOPLIST_KEY_UISupportedInterfaceOrientations = UIInterfaceOrientationPortrait;
				INFOPLIST_KEY_UISupportedInterfaceOrientations_iPad = "UIInterfaceOrientationLandscapeLeft UIInterfaceOrientationLandscapeRight UIInterfaceOrientationPortrait UIInterfaceOrientationPortraitUpsideDown";
				IPHONEOS_DEPLOYMENT_TARGET = 16.0;
				LD_RUNPATH_SEARCH_PATHS = (
					"$(inherited)",
					"@executable_path/Frameworks",
				);
				MARKETING_VERSION = 1.0;
				PRODUCT_BUNDLE_IDENTIFIER = com.junehee.movcha;
				PRODUCT_NAME = "$(TARGET_NAME)";
				SUPPORTED_PLATFORMS = "iphoneos iphonesimulator";
				SUPPORTS_MACCATALYST = NO;
				SUPPORTS_MAC_DESIGNED_FOR_IPHONE_IPAD = NO;
				SUPPORTS_XR_DESIGNED_FOR_IPHONE_IPAD = NO;
				SWIFT_EMIT_LOC_STRINGS = YES;
				SWIFT_VERSION = 5.0;
				TARGETED_DEVICE_FAMILY = 1;
			};
			name = Debug;
		};
		C46197142C0F2012007D3B6B /* Release */ = {
			isa = XCBuildConfiguration;
			buildSettings = {
				ASSETCATALOG_COMPILER_APPICON_NAME = AppIcon;
				ASSETCATALOG_COMPILER_GLOBAL_ACCENT_COLOR_NAME = AccentColor;
				CODE_SIGN_STYLE = Automatic;
				CURRENT_PROJECT_VERSION = 1;
				DEVELOPMENT_TEAM = 95Z2W8U6PK;
				GENERATE_INFOPLIST_FILE = YES;
				INFOPLIST_FILE = movcha/Info.plist;
				INFOPLIST_KEY_CFBundleDisplayName = "뭅챠";
				INFOPLIST_KEY_UIApplicationSupportsIndirectInputEvents = YES;
				INFOPLIST_KEY_UILaunchStoryboardName = LaunchScreen;
				INFOPLIST_KEY_UIMainStoryboardFile = Main;
				INFOPLIST_KEY_UISupportedInterfaceOrientations = UIInterfaceOrientationPortrait;
				INFOPLIST_KEY_UISupportedInterfaceOrientations_iPad = "UIInterfaceOrientationLandscapeLeft UIInterfaceOrientationLandscapeRight UIInterfaceOrientationPortrait UIInterfaceOrientationPortraitUpsideDown";
				IPHONEOS_DEPLOYMENT_TARGET = 16.0;
				LD_RUNPATH_SEARCH_PATHS = (
					"$(inherited)",
					"@executable_path/Frameworks",
				);
				MARKETING_VERSION = 1.0;
				PRODUCT_BUNDLE_IDENTIFIER = com.junehee.movcha;
				PRODUCT_NAME = "$(TARGET_NAME)";
				SUPPORTED_PLATFORMS = "iphoneos iphonesimulator";
				SUPPORTS_MACCATALYST = NO;
				SUPPORTS_MAC_DESIGNED_FOR_IPHONE_IPAD = NO;
				SUPPORTS_XR_DESIGNED_FOR_IPHONE_IPAD = NO;
				SWIFT_EMIT_LOC_STRINGS = YES;
				SWIFT_VERSION = 5.0;
				TARGETED_DEVICE_FAMILY = 1;
			};
			name = Release;
		};
/* End XCBuildConfiguration section */

/* Begin XCConfigurationList section */
		C46196F92C0F2011007D3B6B /* Build configuration list for PBXProject "movcha" */ = {
			isa = XCConfigurationList;
			buildConfigurations = (
				C46197102C0F2012007D3B6B /* Debug */,
				C46197112C0F2012007D3B6B /* Release */,
			);
			defaultConfigurationIsVisible = 0;
			defaultConfigurationName = Release;
		};
		C46197122C0F2012007D3B6B /* Build configuration list for PBXNativeTarget "movcha" */ = {
			isa = XCConfigurationList;
			buildConfigurations = (
				C46197132C0F2012007D3B6B /* Debug */,
				C46197142C0F2012007D3B6B /* Release */,
			);
			defaultConfigurationIsVisible = 0;
			defaultConfigurationName = Release;
		};
/* End XCConfigurationList section */

/* Begin XCRemoteSwiftPackageReference section */
		C46197222C0F27BA007D3B6B /* XCRemoteSwiftPackageReference "SnapKit" */ = {
			isa = XCRemoteSwiftPackageReference;
			repositoryURL = "https://github.com/SnapKit/SnapKit.git";
			requirement = {
				kind = upToNextMajorVersion;
				minimumVersion = 5.7.1;
			};
		};
		C46197682C11B37E007D3B6B /* XCRemoteSwiftPackageReference "Alamofire" */ = {
			isa = XCRemoteSwiftPackageReference;
			repositoryURL = "https://github.com/Alamofire/Alamofire";
			requirement = {
				kind = upToNextMajorVersion;
				minimumVersion = 5.9.1;
			};
		};
		C46197732C12EF1D007D3B6B /* XCRemoteSwiftPackageReference "SkeletonView" */ = {
			isa = XCRemoteSwiftPackageReference;
			repositoryURL = "https://github.com/Juanpe/SkeletonView.git";
			requirement = {
				kind = upToNextMajorVersion;
				minimumVersion = 1.31.0;
			};
		};
		C46197CB2C174A81007D3B6B /* XCRemoteSwiftPackageReference "Kingfisher" */ = {
			isa = XCRemoteSwiftPackageReference;
			repositoryURL = "https://github.com/onevcat/Kingfisher";
			requirement = {
				kind = upToNextMajorVersion;
				minimumVersion = 7.12.0;
			};
		};
/* End XCRemoteSwiftPackageReference section */

/* Begin XCSwiftPackageProductDependency section */
		C46197232C0F27BA007D3B6B /* SnapKit */ = {
			isa = XCSwiftPackageProductDependency;
			package = C46197222C0F27BA007D3B6B /* XCRemoteSwiftPackageReference "SnapKit" */;
			productName = SnapKit;
		};
		C46197692C11B37E007D3B6B /* Alamofire */ = {
			isa = XCSwiftPackageProductDependency;
			package = C46197682C11B37E007D3B6B /* XCRemoteSwiftPackageReference "Alamofire" */;
			productName = Alamofire;
		};
		C46197742C12EF1D007D3B6B /* SkeletonView */ = {
			isa = XCSwiftPackageProductDependency;
			package = C46197732C12EF1D007D3B6B /* XCRemoteSwiftPackageReference "SkeletonView" */;
			productName = SkeletonView;
		};
		C46197CC2C174A81007D3B6B /* Kingfisher */ = {
			isa = XCSwiftPackageProductDependency;
			package = C46197CB2C174A81007D3B6B /* XCRemoteSwiftPackageReference "Kingfisher" */;
			productName = Kingfisher;
		};
/* End XCSwiftPackageProductDependency section */
	};
	rootObject = C46196F62C0F2011007D3B6B /* Project object */;
}
